
Microsoft Visual Studio Solution File, Format Version 12.00
# Visual Studio 15
VisualStudioVersion = 15.0.28010.2036
MinimumVisualStudioVersion = 10.0.40219.1
Project("{FAE04EC0-301F-11D3-BF4B-00C04F79EFBC}") = "CarDetection", "CarDetection\CarDetection.csproj", "{4FC9F1F2-CB7F-4308-8D3E-8597502D926E}"
EndProject
Global
	GlobalSection(SolutionConfigurationPlatforms) = preSolution
		Debug|Any CPU = Debug|Any CPU
		Release|Any CPU = Release|Any CPU
	EndGlobalSection
	GlobalSection(ProjectConfigurationPlatforms) = postSolution
		{4FC9F1F2-CB7F-4308-8D3E-8597502D926E}.Debug|Any CPU.ActiveCfg = Debug|Any CPU
		{4FC9F1F2-CB7F-4308-8D3E-8597502D926E}.Debug|Any CPU.Build.0 = Debug|Any CPU
		{4FC9F1F2-CB7F-4308-8D3E-8597502D926E}.Release|Any CPU.ActiveCfg = Release|Any CPU
		{4FC9F1F2-CB7F-4308-8D3E-8597502D926E}.Release|Any CPU.Build.0 = Release|Any CPU
	EndGlobalSection
	GlobalSection(SolutionProperties) = preSolution
		HideSolutionNode = FALSE
	EndGlobalSection
	GlobalSection(ExtensibilityGlobals) = postSolution
		SolutionGuid = {40637D24-1BC4-4CE5-98DA-D1948127FFB3}
	EndGlobalSection
EndGlobal
